
Microsoft Visual Studio Solution File, Format Version 12.00
# Visual Studio Version 16
VisualStudioVersion = 16.0.30225.117
MinimumVisualStudioVersion = 10.0.40219.1
Project("{8BC9CEB8-8B4A-11D0-8D11-00A0C91BC942}") = "Project Group 10", "Project Group 10\Project Group 10.vcxproj", "{0AD6DDEE-FE01-4392-BDA5-B114160B66BA}"
EndProject
Global
	GlobalSection(SolutionConfigurationPlatforms) = preSolution
		Debug|x64 = Debug|x64
		Debug|x86 = Debug|x86
		Release|x64 = Release|x64
		Release|x86 = Release|x86
	EndGlobalSection
	GlobalSection(ProjectConfigurationPlatforms) = postSolution
		{0AD6DDEE-FE01-4392-BDA5-B114160B66BA}.Debug|x64.ActiveCfg = Debug|x64
		{0AD6DDEE-FE01-4392-BDA5-B114160B66BA}.Debug|x64.Build.0 = Debug|x64
		{0AD6DDEE-FE01-4392-BDA5-B114160B66BA}.Debug|x86.ActiveCfg = Debug|Win32
		{0AD6DDEE-FE01-4392-BDA5-B114160B66BA}.Debug|x86.Build.0 = Debug|Win32
		{0AD6DDEE-FE01-4392-BDA5-B114160B66BA}.Release|x64.ActiveCfg = Release|x64
		{0AD6DDEE-FE01-4392-BDA5-B114160B66BA}.Release|x64.Build.0 = Release|x64
		{0AD6DDEE-FE01-4392-BDA5-B114160B66BA}.Release|x86.ActiveCfg = Release|Win32
		{0AD6DDEE-FE01-4392-BDA5-B114160B66BA}.Release|x86.Build.0 = Release|Win32
	EndGlobalSection
	GlobalSection(SolutionProperties) = preSolution
		HideSolutionNode = FALSE
	EndGlobalSection
	GlobalSection(ExtensibilityGlobals) = postSolution
		SolutionGuid = {2CB0CE24-6DF3-4A18-9274-C739F142C0C7}
	EndGlobalSection
EndGlobal
